{
  "version": "5",
  "redirects": {
    "https://esm.sh/atomic-sleep@^1.0.0?target=denonext": "https://esm.sh/atomic-sleep@1.0.0?target=denonext",
    "https://esm.sh/fast-redact@^3.1.1?target=denonext": "https://esm.sh/fast-redact@3.5.0?target=denonext",
    "https://esm.sh/ip@^2.0.0?target=denonext": "https://esm.sh/ip@2.0.1?target=denonext",
    "https://esm.sh/on-exit-leak-free@^2.1.0?target=denonext": "https://esm.sh/on-exit-leak-free@2.1.2?target=denonext",
    "https://esm.sh/pino-std-serializers@^6.0.0?target=denonext": "https://esm.sh/pino-std-serializers@6.2.2?target=denonext",
    "https://esm.sh/quick-format-unescaped@^4.0.3?target=denonext": "https://esm.sh/quick-format-unescaped@4.0.4?target=denonext",
    "https://esm.sh/safe-stable-stringify@^2.3.1?target=denonext": "https://esm.sh/safe-stable-stringify@2.5.0?target=denonext",
    "https://esm.sh/safer-buffer@^2.1.2?target=denonext": "https://esm.sh/safer-buffer@2.1.2?target=denonext",
    "https://esm.sh/smart-buffer@^4.2.0?target=denonext": "https://esm.sh/smart-buffer@4.2.0?target=denonext",
    "https://esm.sh/sonic-boom@^3.1.0?target=denonext": "https://esm.sh/sonic-boom@3.8.1?target=denonext",
    "https://esm.sh/thread-stream@^2.0.0?target=denonext": "https://esm.sh/thread-stream@2.7.0?target=denonext"
  },
  "remote": {
    "https://deno.land/std@0.168.0/async/abortable.ts": "80b2ac399f142cc528f95a037a7d0e653296352d95c681e284533765961de409",
    "https://deno.land/std@0.168.0/async/deadline.ts": "2c2deb53c7c28ca1dda7a3ad81e70508b1ebc25db52559de6b8636c9278fd41f",
    "https://deno.land/std@0.168.0/async/debounce.ts": "60301ffb37e730cd2d6f9dadfd0ecb2a38857681bd7aaf6b0a106b06e5210a98",
    "https://deno.land/std@0.168.0/async/deferred.ts": "77d3f84255c3627f1cc88699d8472b664d7635990d5358c4351623e098e917d6",
    "https://deno.land/std@0.168.0/async/delay.ts": "5a9bfba8de38840308a7a33786a0155a7f6c1f7a859558ddcec5fe06e16daf57",
    "https://deno.land/std@0.168.0/async/mod.ts": "7809ad4bb223e40f5fdc043e5c7ca04e0e25eed35c32c3c32e28697c553fa6d9",
    "https://deno.land/std@0.168.0/async/mux_async_iterator.ts": "770a0ff26c59f8bbbda6b703a2235f04e379f73238e8d66a087edc68c2a2c35f",
    "https://deno.land/std@0.168.0/async/pool.ts": "6854d8cd675a74c73391c82005cbbe4cc58183bddcd1fbbd7c2bcda42b61cf69",
    "https://deno.land/std@0.168.0/async/retry.ts": "e8e5173623915bbc0ddc537698fa418cf875456c347eda1ed453528645b42e67",
    "https://deno.land/std@0.168.0/async/tee.ts": "3a47cc4e9a940904fd4341f0224907e199121c80b831faa5ec2b054c6d2eff5e",
    "https://deno.land/std@0.168.0/http/server.ts": "e99c1bee8a3f6571ee4cdeb2966efad465b8f6fe62bec1bdb59c1f007cc4d155",
    "https://esm.sh/atomic-sleep@1.0.0/denonext/atomic-sleep.mjs": "049897a4abe2485a0f04f004fb9d65a1487b45cd116afdce884d3f7f27cfd850",
    "https://esm.sh/atomic-sleep@1.0.0?target=denonext": "b9c9e2282ffb226244a97665e7bee9d85f0da84fc02e22d338c5cb14c34d1607",
    "https://esm.sh/encoding-japanese@2.0.0/denonext/encoding-japanese.mjs": "50a1779de1264d35d9264f573835210fab9ac707ed1a4378e479dd08c16a042c",
    "https://esm.sh/fast-redact@3.5.0/denonext/fast-redact.mjs": "ca0bf087e4215cfba750991a8bb79d68faf611b50b89cbd6d7536f2e2c2801ff",
    "https://esm.sh/fast-redact@3.5.0?target=denonext": "b534607a799b8305070531b6cfc144bd547f34a1e964f6cc26c23460e5c96e0e",
    "https://esm.sh/iconv-lite@0.6.3/denonext/iconv-lite.mjs": "58314c9a1d16db741c1edb519849067c19f931ea0331a2e3ad5c02b1dcf2f82a",
    "https://esm.sh/imapflow@1.0.124": "4ad190cbfee92077581bf8624998fc0443c31b4da6dcefb9b6d6688c859e0062",
    "https://esm.sh/imapflow@1.0.124/denonext/imapflow.mjs": "3ffe7f675d179850d8dfb30caa80c823467af3564ee5263fe0c8fbce1dfc2c4a",
    "https://esm.sh/ip@2.0.1/denonext/ip.mjs": "d5a511b8460d375da0bf68ee97bb788e0d8913b183c82e7abb717920d1035a7b",
    "https://esm.sh/ip@2.0.1?target=denonext": "f39f8e25bc4f388c249e9752d5dbea6938963cade8fdaafffa4f0de7d70ef5da",
    "https://esm.sh/libbase64@1.2.1/denonext/libbase64.mjs": "684eae2cbfb486797842705c238690395a01fe63b5af0959ab6c39c4b036210d",
    "https://esm.sh/libmime@5.2.0/denonext/libmime.mjs": "122b57a8629e6314a9b5a93ece95e471649e622ae039b1b892d668becca7de22",
    "https://esm.sh/libmime@5.2.1/denonext/libmime.mjs": "8fca300512656222e59195fe5009b2dc10102b49342bf84e45162a6881d830af",
    "https://esm.sh/libqp@2.0.1/denonext/libqp.mjs": "f893eb55971319442b05d44123258bd3ff4a27ee2dcaeecbd27dd9083523f629",
    "https://esm.sh/mailsplit@5.4.0/denonext/lib/flowed-decoder.mjs": "ede5aebbe1994d2eff971efe64031ceea33193741ff894b5c25f97af2f5b9361",
    "https://esm.sh/mailsplit@5.4.0/denonext/mailsplit.mjs": "fcd27466f0861694fd05cbf70dd7da47f6f783d6c3b910dafcdd5c630c3476c1",
    "https://esm.sh/nodemailer@6.9.1": "f3f014a1dd9f9d2487463968991dddd3468afe5be0f3ec8cde135e3c7822c720",
    "https://esm.sh/nodemailer@6.9.1/denonext/lib/smtp-connection/http-proxy-client.mjs": "febd795115e822d4fa1ce5578cba9016d25f0e14bf123d92d367bca02e284aac",
    "https://esm.sh/nodemailer@6.9.1/denonext/nodemailer.mjs": "e04736c7e09f52f34e573f7814c5128a869b2bae366d60a0e5e6a2284d5bf43a",
    "https://esm.sh/on-exit-leak-free@2.1.2/denonext/on-exit-leak-free.mjs": "186043fa40e3375fa47041d530484f505086c71b198eb3e1aba6c3bf3c5916f1",
    "https://esm.sh/on-exit-leak-free@2.1.2?target=denonext": "1ae736c4ec4c170e327c0cb0a7d2b6f8824f2bd278a4d8885896528a5cc21af6",
    "https://esm.sh/pino-std-serializers@6.2.2/denonext/pino-std-serializers.mjs": "ce1c9ac6874377690be260efe6a4e2f6ed76850f3ba146239e23c4974186f55c",
    "https://esm.sh/pino-std-serializers@6.2.2?target=denonext": "dfd4993aafb86f0f7583d1adbdc15b357a78a36b59c8be0a4ca6e35f11731a92",
    "https://esm.sh/pino@8.11.0/denonext/pino.mjs": "aae3ce39a22d88d7a29b97ce2b43fa963f356eee04cbc74d508fadd8e6428bda",
    "https://esm.sh/quick-format-unescaped@4.0.4/denonext/quick-format-unescaped.mjs": "edd9c1a829fbc5340ea89999390831c91f6b9961c132d94a1217d18e0f946e89",
    "https://esm.sh/quick-format-unescaped@4.0.4?target=denonext": "faf1f7a56ae968c81d0c37bd9f1eaead363afee5cd73eb2fc0e51c8f772b1291",
    "https://esm.sh/safe-stable-stringify@2.5.0/denonext/safe-stable-stringify.mjs": "924a3f8922c879120dcfa8f3e5f6caed9428c57035e6f9d284df270f4ae1574f",
    "https://esm.sh/safe-stable-stringify@2.5.0?target=denonext": "8fae26be3ee4e8f6f1fc01e324853580cc299bae66f3b2d8e71bd2d8a1106ce6",
    "https://esm.sh/safer-buffer@2.1.2/denonext/safer-buffer.mjs": "63b601ca3ed03a32349ca04538ac898f2c520dbc6b554246d11c482c31e8a6b8",
    "https://esm.sh/safer-buffer@2.1.2?target=denonext": "381ed15e73b07affd71d58c070213d027e4b8951c381f44e5f80589d3ea9957b",
    "https://esm.sh/smart-buffer@4.2.0/denonext/smart-buffer.mjs": "c3f5ecb5777e959171dd3e32d392b1903c0d2a6bc435ca28d9bee4cee0f6330d",
    "https://esm.sh/smart-buffer@4.2.0?target=denonext": "24d5adecfdf1c6e270ab8ddb17b51b49514d1b7e57fac440a4a6d7f22e36c79f",
    "https://esm.sh/socks@2.7.1/denonext/socks.mjs": "5f9aea0e6ae5bc58f087fe1cf9295bcfdeea7a2b1f5cd9d656f352a8269e7a49",
    "https://esm.sh/sonic-boom@3.8.1/denonext/sonic-boom.mjs": "6217d81bb1ade9b869125d06cebc494706818a9516ecd1f97265924dec68ebb4",
    "https://esm.sh/sonic-boom@3.8.1?target=denonext": "534ea6cb87ba28289beb955c98394ed6350a994ab3f97ff9f60d290f9bf7240f",
    "https://esm.sh/thread-stream@2.7.0/denonext/thread-stream.mjs": "132e4f86947738e6863aba0567ffcba2f7552705f209fa66ccfa6a352e04d449",
    "https://esm.sh/thread-stream@2.7.0?target=denonext": "3ab87de4103a163ac158850d831be6b2788113ee719c2ce56d1efa50e6637eca"
  },
  "workspace": {
    "dependencies": [
      "npm:imapflow@1.0.141",
      "npm:nodemailer@6.9.7"
    ]
  }
}
